// !$*UTF8*$!
{
	archiveVersion = 1;
	classes = {
	};
	objectVersion = 55;
	objects = {

/* Begin PBXBuildFile section */
		FE86C3E1286ACD8100574723 /* GoogleService-Info.plist in Resources */ = {isa = PBXBuildFile; fileRef = FE86C3E0286ACD8100574723 /* GoogleService-Info.plist */; };
		FE86C3EC286AE79F00574723 /* Config.swift in Sources */ = {isa = PBXBuildFile; fileRef = FE86C3EB286AE79F00574723 /* Config.swift */; };
		FEA582F628697CE0009316D8 /* AppDelegate.swift in Sources */ = {isa = PBXBuildFile; fileRef = FEA582F528697CE0009316D8 /* AppDelegate.swift */; };
		FEA582F828697CE0009316D8 /* SceneDelegate.swift in Sources */ = {isa = PBXBuildFile; fileRef = FEA582F728697CE0009316D8 /* SceneDelegate.swift */; };
		FEA582FF28697CE9009316D8 /* Assets.xcassets in Resources */ = {isa = PBXBuildFile; fileRef = FEA582FE28697CE9009316D8 /* Assets.xcassets */; };
		FEA5830228697CE9009316D8 /* LaunchScreen.storyboard in Resources */ = {isa = PBXBuildFile; fileRef = FEA5830028697CE9009316D8 /* LaunchScreen.storyboard */; };
		FEB649A2286DDE8C009F1673 /* FirebaseStorage in Frameworks */ = {isa = PBXBuildFile; productRef = FEB649A1286DDE8C009F1673 /* FirebaseStorage */; };
		FEB649B2286DDF1F009F1673 /* RecordViewController.swift in Sources */ = {isa = PBXBuildFile; fileRef = FEB649A5286DDF1F009F1673 /* RecordViewController.swift */; };
		FEB649B3286DDF1F009F1673 /* RecordAndPlayView.swift in Sources */ = {isa = PBXBuildFile; fileRef = FEB649A7286DDF1F009F1673 /* RecordAndPlayView.swift */; };
		FEB649B4286DDF1F009F1673 /* FrequencyView.swift in Sources */ = {isa = PBXBuildFile; fileRef = FEB649A8286DDF1F009F1673 /* FrequencyView.swift */; };
		FEB649B5286DDF1F009F1673 /* CutoffFrequencyView.swift in Sources */ = {isa = PBXBuildFile; fileRef = FEB649A9286DDF1F009F1673 /* CutoffFrequencyView.swift */; };
		FEB649B6286DDF1F009F1673 /* RecordListViewController.swift in Sources */ = {isa = PBXBuildFile; fileRef = FEB649AB286DDF1F009F1673 /* RecordListViewController.swift */; };
		FEB649B7286DDF1F009F1673 /* RecordListCell.swift in Sources */ = {isa = PBXBuildFile; fileRef = FEB649AD286DDF1F009F1673 /* RecordListCell.swift */; };
		FEB649B8286DDF1F009F1673 /* RecordListViewModel.swift in Sources */ = {isa = PBXBuildFile; fileRef = FEB649AE286DDF1F009F1673 /* RecordListViewModel.swift */; };
		FEB649B9286DDF1F009F1673 /* PlayerViewController.swift in Sources */ = {isa = PBXBuildFile; fileRef = FEB649B0286DDF1F009F1673 /* PlayerViewController.swift */; };
		FEB649BA286DDF1F009F1673 /* CustomNavigationController.swift in Sources */ = {isa = PBXBuildFile; fileRef = FEB649B1286DDF1F009F1673 /* CustomNavigationController.swift */; };
		FEB649BD286DDFEE009F1673 /* FileData.swift in Sources */ = {isa = PBXBuildFile; fileRef = FEB649BC286DDFEE009F1673 /* FileData.swift */; };
		FEB649C2286DDFF3009F1673 /* RecordNetworkManager.swift in Sources */ = {isa = PBXBuildFile; fileRef = FEB649BF286DDFF3009F1673 /* RecordNetworkManager.swift */; };
		FEB649C3286DDFF3009F1673 /* PlayerManager.swift in Sources */ = {isa = PBXBuildFile; fileRef = FEB649C0286DDFF3009F1673 /* PlayerManager.swift */; };
		FEB649C4286DDFF3009F1673 /* RecordManager.swift in Sources */ = {isa = PBXBuildFile; fileRef = FEB649C1286DDFF3009F1673 /* RecordManager.swift */; };
		FEB649CA286DE004009F1673 /* UIButton+.swift in Sources */ = {isa = PBXBuildFile; fileRef = FEB649C9286DE004009F1673 /* UIButton+.swift */; };
		FEB7A0C5286C8FC800AB1542 /* ViewContoller.swift in Sources */ = {isa = PBXBuildFile; fileRef = FEB7A0C4286C8FC800AB1542 /* ViewContoller.swift */; };
		FEEC6979286C36AF002E020F /* CustomNavigationBar.swift in Sources */ = {isa = PBXBuildFile; fileRef = FEEC6978286C36AF002E020F /* CustomNavigationBar.swift */; };
/* End PBXBuildFile section */

/* Begin PBXFileReference section */
		FE86C3E0286ACD8100574723 /* GoogleService-Info.plist */ = {isa = PBXFileReference; fileEncoding = 4; lastKnownFileType = text.plist.xml; path = "GoogleService-Info.plist"; sourceTree = "<group>"; };
		FE86C3EB286AE79F00574723 /* Config.swift */ = {isa = PBXFileReference; lastKnownFileType = sourcecode.swift; path = Config.swift; sourceTree = "<group>"; };
		FEA582F228697CE0009316D8 /* VocieRecoder_Sample.app */ = {isa = PBXFileReference; explicitFileType = wrapper.application; includeInIndex = 0; path = VocieRecoder_Sample.app; sourceTree = BUILT_PRODUCTS_DIR; };
		FEA582F528697CE0009316D8 /* AppDelegate.swift */ = {isa = PBXFileReference; lastKnownFileType = sourcecode.swift; path = AppDelegate.swift; sourceTree = "<group>"; };
		FEA582F728697CE0009316D8 /* SceneDelegate.swift */ = {isa = PBXFileReference; lastKnownFileType = sourcecode.swift; path = SceneDelegate.swift; sourceTree = "<group>"; };
		FEA582FE28697CE9009316D8 /* Assets.xcassets */ = {isa = PBXFileReference; lastKnownFileType = folder.assetcatalog; path = Assets.xcassets; sourceTree = "<group>"; };
		FEA5830128697CE9009316D8 /* Base */ = {isa = PBXFileReference; lastKnownFileType = file.storyboard; name = Base; path = Base.lproj/LaunchScreen.storyboard; sourceTree = "<group>"; };
		FEA5830328697CE9009316D8 /* Info.plist */ = {isa = PBXFileReference; lastKnownFileType = text.plist.xml; path = Info.plist; sourceTree = "<group>"; };
		FEB649A5286DDF1F009F1673 /* RecordViewController.swift */ = {isa = PBXFileReference; fileEncoding = 4; lastKnownFileType = sourcecode.swift; path = RecordViewController.swift; sourceTree = "<group>"; };
		FEB649A7286DDF1F009F1673 /* RecordAndPlayView.swift */ = {isa = PBXFileReference; fileEncoding = 4; lastKnownFileType = sourcecode.swift; path = RecordAndPlayView.swift; sourceTree = "<group>"; };
		FEB649A8286DDF1F009F1673 /* FrequencyView.swift */ = {isa = PBXFileReference; fileEncoding = 4; lastKnownFileType = sourcecode.swift; path = FrequencyView.swift; sourceTree = "<group>"; };
		FEB649A9286DDF1F009F1673 /* CutoffFrequencyView.swift */ = {isa = PBXFileReference; fileEncoding = 4; lastKnownFileType = sourcecode.swift; path = CutoffFrequencyView.swift; sourceTree = "<group>"; };
		FEB649AB286DDF1F009F1673 /* RecordListViewController.swift */ = {isa = PBXFileReference; fileEncoding = 4; lastKnownFileType = sourcecode.swift; path = RecordListViewController.swift; sourceTree = "<group>"; };
		FEB649AD286DDF1F009F1673 /* RecordListCell.swift */ = {isa = PBXFileReference; fileEncoding = 4; lastKnownFileType = sourcecode.swift; path = RecordListCell.swift; sourceTree = "<group>"; };
		FEB649AE286DDF1F009F1673 /* RecordListViewModel.swift */ = {isa = PBXFileReference; fileEncoding = 4; lastKnownFileType = sourcecode.swift; path = RecordListViewModel.swift; sourceTree = "<group>"; };
		FEB649B0286DDF1F009F1673 /* PlayerViewController.swift */ = {isa = PBXFileReference; fileEncoding = 4; lastKnownFileType = sourcecode.swift; path = PlayerViewController.swift; sourceTree = "<group>"; };
		FEB649B1286DDF1F009F1673 /* CustomNavigationController.swift */ = {isa = PBXFileReference; fileEncoding = 4; lastKnownFileType = sourcecode.swift; path = CustomNavigationController.swift; sourceTree = "<group>"; };
		FEB649BC286DDFEE009F1673 /* FileData.swift */ = {isa = PBXFileReference; fileEncoding = 4; lastKnownFileType = sourcecode.swift; path = FileData.swift; sourceTree = "<group>"; };
		FEB649BF286DDFF3009F1673 /* RecordNetworkManager.swift */ = {isa = PBXFileReference; fileEncoding = 4; lastKnownFileType = sourcecode.swift; path = RecordNetworkManager.swift; sourceTree = "<group>"; };
		FEB649C0286DDFF3009F1673 /* PlayerManager.swift */ = {isa = PBXFileReference; fileEncoding = 4; lastKnownFileType = sourcecode.swift; path = PlayerManager.swift; sourceTree = "<group>"; };
		FEB649C1286DDFF3009F1673 /* RecordManager.swift */ = {isa = PBXFileReference; fileEncoding = 4; lastKnownFileType = sourcecode.swift; path = RecordManager.swift; sourceTree = "<group>"; };
		FEB649C9286DE004009F1673 /* UIButton+.swift */ = {isa = PBXFileReference; fileEncoding = 4; lastKnownFileType = sourcecode.swift; path = "UIButton+.swift"; sourceTree = "<group>"; };
		FEB7A0C4286C8FC800AB1542 /* ViewContoller.swift */ = {isa = PBXFileReference; lastKnownFileType = sourcecode.swift; path = ViewContoller.swift; sourceTree = "<group>"; };
		FEEC6978286C36AF002E020F /* CustomNavigationBar.swift */ = {isa = PBXFileReference; lastKnownFileType = sourcecode.swift; path = CustomNavigationBar.swift; sourceTree = "<group>"; };
/* End PBXFileReference section */

/* Begin PBXFrameworksBuildPhase section */
		FEA582EF28697CE0009316D8 /* Frameworks */ = {
			isa = PBXFrameworksBuildPhase;
			buildActionMask = 2147483647;
			files = (
				FEB649A2286DDE8C009F1673 /* FirebaseStorage in Frameworks */,
			);
			runOnlyForDeploymentPostprocessing = 0;
		};
/* End PBXFrameworksBuildPhase section */

/* Begin PBXGroup section */
		FE86C3EA286AE79200574723 /* Config */ = {
			isa = PBXGroup;
			children = (
				FE86C3EB286AE79F00574723 /* Config.swift */,
			);
			path = Config;
			sourceTree = "<group>";
		};
		FEA582E928697CE0009316D8 = {
			isa = PBXGroup;
			children = (
				FEA582F428697CE0009316D8 /* VocieRecoder_Sample */,
				FEA582F328697CE0009316D8 /* Products */,
			);
			sourceTree = "<group>";
		};
		FEA582F328697CE0009316D8 /* Products */ = {
			isa = PBXGroup;
			children = (
				FEA582F228697CE0009316D8 /* VocieRecoder_Sample.app */,
			);
			name = Products;
			sourceTree = "<group>";
		};
		FEA582F428697CE0009316D8 /* VocieRecoder_Sample */ = {
			isa = PBXGroup;
			children = (
				FEB649C8286DE004009F1673 /* Extension */,
				FE86C3EA286AE79200574723 /* Config */,
				FEB649BE286DDFF3009F1673 /* Manager */,
				FEB649BB286DDFEE009F1673 /* Entities */,
				FEB649A3286DDF1F009F1673 /* Scene */,
				FEA582F528697CE0009316D8 /* AppDelegate.swift */,
				FEA582F728697CE0009316D8 /* SceneDelegate.swift */,
				FEA582FE28697CE9009316D8 /* Assets.xcassets */,
				FEA5830028697CE9009316D8 /* LaunchScreen.storyboard */,
				FEA5830328697CE9009316D8 /* Info.plist */,
				FE86C3E0286ACD8100574723 /* GoogleService-Info.plist */,
				FEEC6978286C36AF002E020F /* CustomNavigationBar.swift */,
				FEB7A0C4286C8FC800AB1542 /* ViewContoller.swift */,
			);
			path = VocieRecoder_Sample;
			sourceTree = "<group>";
		};
		FEB649A3286DDF1F009F1673 /* Scene */ = {
			isa = PBXGroup;
			children = (
				FEB649A4286DDF1F009F1673 /* RecordPage */,
				FEB649AA286DDF1F009F1673 /* RecordListPage */,
				FEB649AF286DDF1F009F1673 /* PlayerPage */,
				FEB649B1286DDF1F009F1673 /* CustomNavigationController.swift */,
			);
			path = Scene;
			sourceTree = "<group>";
		};
		FEB649A4286DDF1F009F1673 /* RecordPage */ = {
			isa = PBXGroup;
			children = (
				FEB649A5286DDF1F009F1673 /* RecordViewController.swift */,
				FEB649A6286DDF1F009F1673 /* SubComponents */,
			);
			path = RecordPage;
			sourceTree = "<group>";
		};
		FEB649A6286DDF1F009F1673 /* SubComponents */ = {
			isa = PBXGroup;
			children = (
				FEB649A7286DDF1F009F1673 /* RecordAndPlayView.swift */,
				FEB649A8286DDF1F009F1673 /* FrequencyView.swift */,
				FEB649A9286DDF1F009F1673 /* CutoffFrequencyView.swift */,
			);
			path = SubComponents;
			sourceTree = "<group>";
		};
		FEB649AA286DDF1F009F1673 /* RecordListPage */ = {
			isa = PBXGroup;
			children = (
				FEB649AB286DDF1F009F1673 /* RecordListViewController.swift */,
				FEB649AE286DDF1F009F1673 /* RecordListViewModel.swift */,
				FEB649AC286DDF1F009F1673 /* SubComponents */,
			);
			path = RecordListPage;
			sourceTree = "<group>";
		};
		FEB649AC286DDF1F009F1673 /* SubComponents */ = {
			isa = PBXGroup;
			children = (
				FEB649AD286DDF1F009F1673 /* RecordListCell.swift */,
			);
			path = SubComponents;
			sourceTree = "<group>";
		};
		FEB649AF286DDF1F009F1673 /* PlayerPage */ = {
			isa = PBXGroup;
			children = (
				FEB649B0286DDF1F009F1673 /* PlayerViewController.swift */,
			);
			path = PlayerPage;
			sourceTree = "<group>";
		};
		FEB649BB286DDFEE009F1673 /* Entities */ = {
			isa = PBXGroup;
			children = (
				FEB649BC286DDFEE009F1673 /* FileData.swift */,
			);
			path = Entities;
			sourceTree = "<group>";
		};
		FEB649BE286DDFF3009F1673 /* Manager */ = {
			isa = PBXGroup;
			children = (
				FEB649BF286DDFF3009F1673 /* RecordNetworkManager.swift */,
				FEB649C0286DDFF3009F1673 /* PlayerManager.swift */,
				FEB649C1286DDFF3009F1673 /* RecordManager.swift */,
			);
			name = Manager;
			path = "../../../firstWeak/ios-wanted-VoiceRecorder/VoiceRecorder/Manager";
			sourceTree = "<group>";
		};
		FEB649C8286DE004009F1673 /* Extension */ = {
			isa = PBXGroup;
			children = (
				FEB649C9286DE004009F1673 /* UIButton+.swift */,
			);
			path = Extension;
			sourceTree = "<group>";
		};
/* End PBXGroup section */

/* Begin PBXNativeTarget section */
		FEA582F128697CE0009316D8 /* VocieRecoder_Sample */ = {
			isa = PBXNativeTarget;
			buildConfigurationList = FEA5830628697CE9009316D8 /* Build configuration list for PBXNativeTarget "VocieRecoder_Sample" */;
			buildPhases = (
				FEA582EE28697CE0009316D8 /* Sources */,
				FEA582EF28697CE0009316D8 /* Frameworks */,
				FEA582F028697CE0009316D8 /* Resources */,
			);
			buildRules = (
			);
			dependencies = (
			);
			name = VocieRecoder_Sample;
			packageProductDependencies = (
				FEB649A1286DDE8C009F1673 /* FirebaseStorage */,
			);
			productName = VocieRecoder_Sample;
			productReference = FEA582F228697CE0009316D8 /* VocieRecoder_Sample.app */;
			productType = "com.apple.product-type.application";
		};
/* End PBXNativeTarget section */

/* Begin PBXProject section */
		FEA582EA28697CE0009316D8 /* Project object */ = {
			isa = PBXProject;
			attributes = {
				BuildIndependentTargetsInParallel = 1;
				LastSwiftUpdateCheck = 1330;
				LastUpgradeCheck = 1330;
				TargetAttributes = {
					FEA582F128697CE0009316D8 = {
						CreatedOnToolsVersion = 13.3;
					};
				};
			};
			buildConfigurationList = FEA582ED28697CE0009316D8 /* Build configuration list for PBXProject "VocieRecoder_Sample" */;
			compatibilityVersion = "Xcode 13.0";
			developmentRegion = en;
			hasScannedForEncodings = 0;
			knownRegions = (
				en,
				Base,
			);
			mainGroup = FEA582E928697CE0009316D8;
			packageReferences = (
				FE86C3E2286ACF9E00574723 /* XCRemoteSwiftPackageReference "firebase-ios-sdk" */,
				FEB649A0286DDE8C009F1673 /* XCRemoteSwiftPackageReference "firebase-ios-sdk" */,
			);
			productRefGroup = FEA582F328697CE0009316D8 /* Products */;
			projectDirPath = "";
			projectRoot = "";
			targets = (
				FEA582F128697CE0009316D8 /* VocieRecoder_Sample */,
			);
		};
/* End PBXProject section */

/* Begin PBXResourcesBuildPhase section */
		FEA582F028697CE0009316D8 /* Resources */ = {
			isa = PBXResourcesBuildPhase;
			buildActionMask = 2147483647;
			files = (
				FEA5830228697CE9009316D8 /* LaunchScreen.storyboard in Resources */,
				FEA582FF28697CE9009316D8 /* Assets.xcassets in Resources */,
				FE86C3E1286ACD8100574723 /* GoogleService-Info.plist in Resources */,
			);
			runOnlyForDeploymentPostprocessing = 0;
		};
/* End PBXResourcesBuildPhase section */

/* Begin PBXSourcesBuildPhase section */
		FEA582EE28697CE0009316D8 /* Sources */ = {
			isa = PBXSourcesBuildPhase;
			buildActionMask = 2147483647;
			files = (
				FEB649B4286DDF1F009F1673 /* FrequencyView.swift in Sources */,
				FEB649CA286DE004009F1673 /* UIButton+.swift in Sources */,
				FEB649BD286DDFEE009F1673 /* FileData.swift in Sources */,
				FEB649B9286DDF1F009F1673 /* PlayerViewController.swift in Sources */,
				FEB649B2286DDF1F009F1673 /* RecordViewController.swift in Sources */,
				FEA582F628697CE0009316D8 /* AppDelegate.swift in Sources */,
				FEB649C4286DDFF3009F1673 /* RecordManager.swift in Sources */,
				FEB649B3286DDF1F009F1673 /* RecordAndPlayView.swift in Sources */,
				FEB649BA286DDF1F009F1673 /* CustomNavigationController.swift in Sources */,
				FE86C3EC286AE79F00574723 /* Config.swift in Sources */,
				FEB7A0C5286C8FC800AB1542 /* ViewContoller.swift in Sources */,
				FEB649B6286DDF1F009F1673 /* RecordListViewController.swift in Sources */,
				FEB649B5286DDF1F009F1673 /* CutoffFrequencyView.swift in Sources */,
				FEB649C3286DDFF3009F1673 /* PlayerManager.swift in Sources */,
				FEB649C2286DDFF3009F1673 /* RecordNetworkManager.swift in Sources */,
				FEB649B7286DDF1F009F1673 /* RecordListCell.swift in Sources */,
				FEEC6979286C36AF002E020F /* CustomNavigationBar.swift in Sources */,
				FEB649B8286DDF1F009F1673 /* RecordListViewModel.swift in Sources */,
				FEA582F828697CE0009316D8 /* SceneDelegate.swift in Sources */,
			);
			runOnlyForDeploymentPostprocessing = 0;
		};
/* End PBXSourcesBuildPhase section */

/* Begin PBXVariantGroup section */
		FEA5830028697CE9009316D8 /* LaunchScreen.storyboard */ = {
			isa = PBXVariantGroup;
			children = (
				FEA5830128697CE9009316D8 /* Base */,
			);
			name = LaunchScreen.storyboard;
			sourceTree = "<group>";
		};
/* End PBXVariantGroup section */

/* Begin XCBuildConfiguration section */
		FEA5830428697CE9009316D8 /* Debug */ = {
			isa = XCBuildConfiguration;
			buildSettings = {
				ALWAYS_SEARCH_USER_PATHS = NO;
				CLANG_ANALYZER_NONNULL = YES;
				CLANG_ANALYZER_NUMBER_OBJECT_CONVERSION = YES_AGGRESSIVE;
				CLANG_CXX_LANGUAGE_STANDARD = "gnu++17";
				CLANG_ENABLE_MODULES = YES;
				CLANG_ENABLE_OBJC_ARC = YES;
				CLANG_ENABLE_OBJC_WEAK = YES;
				CLANG_WARN_BLOCK_CAPTURE_AUTORELEASING = YES;
				CLANG_WARN_BOOL_CONVERSION = YES;
				CLANG_WARN_COMMA = YES;
				CLANG_WARN_CONSTANT_CONVERSION = YES;
				CLANG_WARN_DEPRECATED_OBJC_IMPLEMENTATIONS = YES;
				CLANG_WARN_DIRECT_OBJC_ISA_USAGE = YES_ERROR;
				CLANG_WARN_DOCUMENTATION_COMMENTS = YES;
				CLANG_WARN_EMPTY_BODY = YES;
				CLANG_WARN_ENUM_CONVERSION = YES;
				CLANG_WARN_INFINITE_RECURSION = YES;
				CLANG_WARN_INT_CONVERSION = YES;
				CLANG_WARN_NON_LITERAL_NULL_CONVERSION = YES;
				CLANG_WARN_OBJC_IMPLICIT_RETAIN_SELF = YES;
				CLANG_WARN_OBJC_LITERAL_CONVERSION = YES;
				CLANG_WARN_OBJC_ROOT_CLASS = YES_ERROR;
				CLANG_WARN_QUOTED_INCLUDE_IN_FRAMEWORK_HEADER = YES;
				CLANG_WARN_RANGE_LOOP_ANALYSIS = YES;
				CLANG_WARN_STRICT_PROTOTYPES = YES;
				CLANG_WARN_SUSPICIOUS_MOVE = YES;
				CLANG_WARN_UNGUARDED_AVAILABILITY = YES_AGGRESSIVE;
				CLANG_WARN_UNREACHABLE_CODE = YES;
				CLANG_WARN__DUPLICATE_METHOD_MATCH = YES;
				COPY_PHASE_STRIP = NO;
				DEBUG_INFORMATION_FORMAT = dwarf;
				ENABLE_STRICT_OBJC_MSGSEND = YES;
				ENABLE_TESTABILITY = YES;
				GCC_C_LANGUAGE_STANDARD = gnu11;
				GCC_DYNAMIC_NO_PIC = NO;
				GCC_NO_COMMON_BLOCKS = YES;
				GCC_OPTIMIZATION_LEVEL = 0;
				GCC_PREPROCESSOR_DEFINITIONS = (
					"DEBUG=1",
					"$(inherited)",
				);
				GCC_WARN_64_TO_32_BIT_CONVERSION = YES;
				GCC_WARN_ABOUT_RETURN_TYPE = YES_ERROR;
				GCC_WARN_UNDECLARED_SELECTOR = YES;
				GCC_WARN_UNINITIALIZED_AUTOS = YES_AGGRESSIVE;
				GCC_WARN_UNUSED_FUNCTION = YES;
				GCC_WARN_UNUSED_VARIABLE = YES;
				IPHONEOS_DEPLOYMENT_TARGET = 15.4;
				MTL_ENABLE_DEBUG_INFO = INCLUDE_SOURCE;
				MTL_FAST_MATH = YES;
				ONLY_ACTIVE_ARCH = YES;
				SDKROOT = iphoneos;
				SWIFT_ACTIVE_COMPILATION_CONDITIONS = DEBUG;
				SWIFT_OPTIMIZATION_LEVEL = "-Onone";
			};
			name = Debug;
		};
		FEA5830528697CE9009316D8 /* Release */ = {
			isa = XCBuildConfiguration;
			buildSettings = {
				ALWAYS_SEARCH_USER_PATHS = NO;
				CLANG_ANALYZER_NONNULL = YES;
				CLANG_ANALYZER_NUMBER_OBJECT_CONVERSION = YES_AGGRESSIVE;
				CLANG_CXX_LANGUAGE_STANDARD = "gnu++17";
				CLANG_ENABLE_MODULES = YES;
				CLANG_ENABLE_OBJC_ARC = YES;
				CLANG_ENABLE_OBJC_WEAK = YES;
				CLANG_WARN_BLOCK_CAPTURE_AUTORELEASING = YES;
				CLANG_WARN_BOOL_CONVERSION = YES;
				CLANG_WARN_COMMA = YES;
				CLANG_WARN_CONSTANT_CONVERSION = YES;
				CLANG_WARN_DEPRECATED_OBJC_IMPLEMENTATIONS = YES;
				CLANG_WARN_DIRECT_OBJC_ISA_USAGE = YES_ERROR;
				CLANG_WARN_DOCUMENTATION_COMMENTS = YES;
				CLANG_WARN_EMPTY_BODY = YES;
				CLANG_WARN_ENUM_CONVERSION = YES;
				CLANG_WARN_INFINITE_RECURSION = YES;
				CLANG_WARN_INT_CONVERSION = YES;
				CLANG_WARN_NON_LITERAL_NULL_CONVERSION = YES;
				CLANG_WARN_OBJC_IMPLICIT_RETAIN_SELF = YES;
				CLANG_WARN_OBJC_LITERAL_CONVERSION = YES;
				CLANG_WARN_OBJC_ROOT_CLASS = YES_ERROR;
				CLANG_WARN_QUOTED_INCLUDE_IN_FRAMEWORK_HEADER = YES;
				CLANG_WARN_RANGE_LOOP_ANALYSIS = YES;
				CLANG_WARN_STRICT_PROTOTYPES = YES;
				CLANG_WARN_SUSPICIOUS_MOVE = YES;
				CLANG_WARN_UNGUARDED_AVAILABILITY = YES_AGGRESSIVE;
				CLANG_WARN_UNREACHABLE_CODE = YES;
				CLANG_WARN__DUPLICATE_METHOD_MATCH = YES;
				COPY_PHASE_STRIP = NO;
				DEBUG_INFORMATION_FORMAT = "dwarf-with-dsym";
				ENABLE_NS_ASSERTIONS = NO;
				ENABLE_STRICT_OBJC_MSGSEND = YES;
				GCC_C_LANGUAGE_STANDARD = gnu11;
				GCC_NO_COMMON_BLOCKS = YES;
				GCC_WARN_64_TO_32_BIT_CONVERSION = YES;
				GCC_WARN_ABOUT_RETURN_TYPE = YES_ERROR;
				GCC_WARN_UNDECLARED_SELECTOR = YES;
				GCC_WARN_UNINITIALIZED_AUTOS = YES_AGGRESSIVE;
				GCC_WARN_UNUSED_FUNCTION = YES;
				GCC_WARN_UNUSED_VARIABLE = YES;
				IPHONEOS_DEPLOYMENT_TARGET = 15.4;
				MTL_ENABLE_DEBUG_INFO = NO;
				MTL_FAST_MATH = YES;
				SDKROOT = iphoneos;
				SWIFT_COMPILATION_MODE = wholemodule;
				SWIFT_OPTIMIZATION_LEVEL = "-O";
				VALIDATE_PRODUCT = YES;
			};
			name = Release;
		};
		FEA5830728697CE9009316D8 /* Debug */ = {
			isa = XCBuildConfiguration;
			buildSettings = {
				ASSETCATALOG_COMPILER_APPICON_NAME = AppIcon;
				ASSETCATALOG_COMPILER_GLOBAL_ACCENT_COLOR_NAME = AccentColor;
				CODE_SIGN_STYLE = Automatic;
				CURRENT_PROJECT_VERSION = 1;
				DEVELOPMENT_TEAM = CNGL9PR533;
				GENERATE_INFOPLIST_FILE = YES;
				INFOPLIST_FILE = VocieRecoder_Sample/Info.plist;
				INFOPLIST_KEY_UIApplicationSupportsIndirectInputEvents = YES;
				INFOPLIST_KEY_UILaunchStoryboardName = LaunchScreen;
				INFOPLIST_KEY_UISupportedInterfaceOrientations = UIInterfaceOrientationPortrait;
				INFOPLIST_KEY_UISupportedInterfaceOrientations_iPad = "UIInterfaceOrientationPortrait UIInterfaceOrientationPortraitUpsideDown UIInterfaceOrientationLandscapeLeft UIInterfaceOrientationLandscapeRight";
				INFOPLIST_KEY_UISupportedInterfaceOrientations_iPhone = "UIInterfaceOrientationPortrait UIInterfaceOrientationLandscapeLeft UIInterfaceOrientationLandscapeRight";
				LD_RUNPATH_SEARCH_PATHS = (
					"$(inherited)",
					"@executable_path/Frameworks",
				);
				MARKETING_VERSION = 1.0;
				PRODUCT_BUNDLE_IDENTIFIER = "com.kirkim.VocieRecoder-Sample";
				PRODUCT_NAME = "$(TARGET_NAME)";
				SWIFT_EMIT_LOC_STRINGS = YES;
				SWIFT_VERSION = 5.0;
				TARGETED_DEVICE_FAMILY = 1;
			};
			name = Debug;
		};
		FEA5830828697CE9009316D8 /* Release */ = {
			isa = XCBuildConfiguration;
			buildSettings = {
				ASSETCATALOG_COMPILER_APPICON_NAME = AppIcon;
				ASSETCATALOG_COMPILER_GLOBAL_ACCENT_COLOR_NAME = AccentColor;
				CODE_SIGN_STYLE = Automatic;
				CURRENT_PROJECT_VERSION = 1;
				DEVELOPMENT_TEAM = CNGL9PR533;
				GENERATE_INFOPLIST_FILE = YES;
				INFOPLIST_FILE = VocieRecoder_Sample/Info.plist;
				INFOPLIST_KEY_UIApplicationSupportsIndirectInputEvents = YES;
				INFOPLIST_KEY_UILaunchStoryboardName = LaunchScreen;
				INFOPLIST_KEY_UISupportedInterfaceOrientations = UIInterfaceOrientationPortrait;
				INFOPLIST_KEY_UISupportedInterfaceOrientations_iPad = "UIInterfaceOrientationPortrait UIInterfaceOrientationPortraitUpsideDown UIInterfaceOrientationLandscapeLeft UIInterfaceOrientationLandscapeRight";
				INFOPLIST_KEY_UISupportedInterfaceOrientations_iPhone = "UIInterfaceOrientationPortrait UIInterfaceOrientationLandscapeLeft UIInterfaceOrientationLandscapeRight";
				LD_RUNPATH_SEARCH_PATHS = (
					"$(inherited)",
					"@executable_path/Frameworks",
				);
				MARKETING_VERSION = 1.0;
				PRODUCT_BUNDLE_IDENTIFIER = "com.kirkim.VocieRecoder-Sample";
				PRODUCT_NAME = "$(TARGET_NAME)";
				SWIFT_EMIT_LOC_STRINGS = YES;
				SWIFT_VERSION = 5.0;
				TARGETED_DEVICE_FAMILY = 1;
			};
			name = Release;
		};
/* End XCBuildConfiguration section */

/* Begin XCConfigurationList section */
		FEA582ED28697CE0009316D8 /* Build configuration list for PBXProject "VocieRecoder_Sample" */ = {
			isa = XCConfigurationList;
			buildConfigurations = (
				FEA5830428697CE9009316D8 /* Debug */,
				FEA5830528697CE9009316D8 /* Release */,
			);
			defaultConfigurationIsVisible = 0;
			defaultConfigurationName = Release;
		};
		FEA5830628697CE9009316D8 /* Build configuration list for PBXNativeTarget "VocieRecoder_Sample" */ = {
			isa = XCConfigurationList;
			buildConfigurations = (
				FEA5830728697CE9009316D8 /* Debug */,
				FEA5830828697CE9009316D8 /* Release */,
			);
			defaultConfigurationIsVisible = 0;
			defaultConfigurationName = Release;
		};
/* End XCConfigurationList section */

/* Begin XCRemoteSwiftPackageReference section */
		FE86C3E2286ACF9E00574723 /* XCRemoteSwiftPackageReference "firebase-ios-sdk" */ = {
			isa = XCRemoteSwiftPackageReference;
			repositoryURL = "https://github.com/firebase/firebase-ios-sdk";
			requirement = {
				kind = upToNextMajorVersion;
				minimumVersion = 9.0.0;
			};
		};
		FEB649A0286DDE8C009F1673 /* XCRemoteSwiftPackageReference "firebase-ios-sdk" */ = {
			isa = XCRemoteSwiftPackageReference;
			repositoryURL = "https://github.com/firebase/firebase-ios-sdk";
			requirement = {
				branch = master;
				kind = branch;
			};
		};
/* End XCRemoteSwiftPackageReference section */

/* Begin XCSwiftPackageProductDependency section */
		FEB649A1286DDE8C009F1673 /* FirebaseStorage */ = {
			isa = XCSwiftPackageProductDependency;
			package = FEB649A0286DDE8C009F1673 /* XCRemoteSwiftPackageReference "firebase-ios-sdk" */;
			productName = FirebaseStorage;
		};
/* End XCSwiftPackageProductDependency section */
	};
	rootObject = FEA582EA28697CE0009316D8 /* Project object */;
}
